
Microsoft Visual Studio Solution File, Format Version 12.00
# Visual Studio Version 17
VisualStudioVersion = 17.13.35931.197
MinimumVisualStudioVersion = 10.0.40219.1
Project("{2150E333-8FDC-42A3-9474-1A3956D46DE8}") = "src", "src", "{02EA681E-C7D8-13C7-8484-4AC65E1B71E8}"
EndProject
Project("{2150E333-8FDC-42A3-9474-1A3956D46DE8}") = "tests", "tests", "{B6FC45E5-4EDF-4553-B182-877240191E1B}"
EndProject
Project("{2150E333-8FDC-42A3-9474-1A3956D46DE8}") = "API", "API", "{99967397-A7A5-4312-8111-AA791A1921FB}"
EndProject
Project("{2150E333-8FDC-42A3-9474-1A3956D46DE8}") = "Core", "Core", "{B80EE77C-AB3D-474E-AC56-2D93FDA50B0D}"
EndProject
Project("{2150E333-8FDC-42A3-9474-1A3956D46DE8}") = "UI", "UI", "{0588DB8C-106B-4B72-9721-78F6C7ED2D17}"
EndProject
Project("{2150E333-8FDC-42A3-9474-1A3956D46DE8}") = "Infrastructure", "Infrastructure", "{1CFD5F9E-5526-4763-BF03-F53A8B3C22C6}"
EndProject
Project("{FAE04EC0-301F-11D3-BF4B-00C04F79EFBC}") = "Backend.Domain", "Backend.Domain\Backend.Domain.csproj", "{16631002-2C4C-458A-9C40-9CE199A7EFCF}"
EndProject
Project("{FAE04EC0-301F-11D3-BF4B-00C04F79EFBC}") = "Backend.Identity", "Backend.Identity\Backend.Identity.csproj", "{78DF5688-AC87-4CDA-894B-763DA65F48CB}"
EndProject
Project("{FAE04EC0-301F-11D3-BF4B-00C04F79EFBC}") = "Backend.Application", "Backend.Application\Backend.Application.csproj", "{D74CCA9C-81A5-44C6-B21B-3153B47E15B4}"
EndProject
Project("{FAE04EC0-301F-11D3-BF4B-00C04F79EFBC}") = "Backend.Infrastructure", "Backend.Infrastructure\Backend.Infrastructure.csproj", "{D0B47659-EF9D-4257-825A-511AB439A099}"
EndProject
Project("{FAE04EC0-301F-11D3-BF4B-00C04F79EFBC}") = "Backend.Persisyence", "Backend.Persisyence\Backend.Persisyence.csproj", "{278C3FEB-3B7B-4C80-9AF3-E072EAD2B371}"
EndProject
Project("{FAE04EC0-301F-11D3-BF4B-00C04F79EFBC}") = "Backend.Api", "Backend.Api\Backend.Api.csproj", "{4A3B4971-9F38-4840-89BF-FA79971ED411}"
EndProject
Project("{FAE04EC0-301F-11D3-BF4B-00C04F79EFBC}") = "Client.MVC", "Client.MVC\Client.MVC.csproj", "{7C229BD2-E72D-4EAB-938D-36961662E9A7}"
EndProject
Global
	GlobalSection(SolutionConfigurationPlatforms) = preSolution
		Debug|Any CPU = Debug|Any CPU
		Release|Any CPU = Release|Any CPU
	EndGlobalSection
	GlobalSection(ProjectConfigurationPlatforms) = postSolution
		{16631002-2C4C-458A-9C40-9CE199A7EFCF}.Debug|Any CPU.ActiveCfg = Debug|Any CPU
		{16631002-2C4C-458A-9C40-9CE199A7EFCF}.Debug|Any CPU.Build.0 = Debug|Any CPU
		{16631002-2C4C-458A-9C40-9CE199A7EFCF}.Release|Any CPU.ActiveCfg = Release|Any CPU
		{16631002-2C4C-458A-9C40-9CE199A7EFCF}.Release|Any CPU.Build.0 = Release|Any CPU
		{78DF5688-AC87-4CDA-894B-763DA65F48CB}.Debug|Any CPU.ActiveCfg = Debug|Any CPU
		{78DF5688-AC87-4CDA-894B-763DA65F48CB}.Debug|Any CPU.Build.0 = Debug|Any CPU
		{78DF5688-AC87-4CDA-894B-763DA65F48CB}.Release|Any CPU.ActiveCfg = Release|Any CPU
		{78DF5688-AC87-4CDA-894B-763DA65F48CB}.Release|Any CPU.Build.0 = Release|Any CPU
		{D74CCA9C-81A5-44C6-B21B-3153B47E15B4}.Debug|Any CPU.ActiveCfg = Debug|Any CPU
		{D74CCA9C-81A5-44C6-B21B-3153B47E15B4}.Debug|Any CPU.Build.0 = Debug|Any CPU
		{D74CCA9C-81A5-44C6-B21B-3153B47E15B4}.Release|Any CPU.ActiveCfg = Release|Any CPU
		{D74CCA9C-81A5-44C6-B21B-3153B47E15B4}.Release|Any CPU.Build.0 = Release|Any CPU
		{D0B47659-EF9D-4257-825A-511AB439A099}.Debug|Any CPU.ActiveCfg = Debug|Any CPU
		{D0B47659-EF9D-4257-825A-511AB439A099}.Debug|Any CPU.Build.0 = Debug|Any CPU
		{D0B47659-EF9D-4257-825A-511AB439A099}.Release|Any CPU.ActiveCfg = Release|Any CPU
		{D0B47659-EF9D-4257-825A-511AB439A099}.Release|Any CPU.Build.0 = Release|Any CPU
		{278C3FEB-3B7B-4C80-9AF3-E072EAD2B371}.Debug|Any CPU.ActiveCfg = Debug|Any CPU
		{278C3FEB-3B7B-4C80-9AF3-E072EAD2B371}.Debug|Any CPU.Build.0 = Debug|Any CPU
		{278C3FEB-3B7B-4C80-9AF3-E072EAD2B371}.Release|Any CPU.ActiveCfg = Release|Any CPU
		{278C3FEB-3B7B-4C80-9AF3-E072EAD2B371}.Release|Any CPU.Build.0 = Release|Any CPU
		{4A3B4971-9F38-4840-89BF-FA79971ED411}.Debug|Any CPU.ActiveCfg = Debug|Any CPU
		{4A3B4971-9F38-4840-89BF-FA79971ED411}.Debug|Any CPU.Build.0 = Debug|Any CPU
		{4A3B4971-9F38-4840-89BF-FA79971ED411}.Release|Any CPU.ActiveCfg = Release|Any CPU
		{4A3B4971-9F38-4840-89BF-FA79971ED411}.Release|Any CPU.Build.0 = Release|Any CPU
		{7C229BD2-E72D-4EAB-938D-36961662E9A7}.Debug|Any CPU.ActiveCfg = Debug|Any CPU
		{7C229BD2-E72D-4EAB-938D-36961662E9A7}.Debug|Any CPU.Build.0 = Debug|Any CPU
		{7C229BD2-E72D-4EAB-938D-36961662E9A7}.Release|Any CPU.ActiveCfg = Release|Any CPU
		{7C229BD2-E72D-4EAB-938D-36961662E9A7}.Release|Any CPU.Build.0 = Release|Any CPU
	EndGlobalSection
	GlobalSection(SolutionProperties) = preSolution
		HideSolutionNode = FALSE
	EndGlobalSection
	GlobalSection(NestedProjects) = preSolution
		{99967397-A7A5-4312-8111-AA791A1921FB} = {02EA681E-C7D8-13C7-8484-4AC65E1B71E8}
		{B80EE77C-AB3D-474E-AC56-2D93FDA50B0D} = {02EA681E-C7D8-13C7-8484-4AC65E1B71E8}
		{0588DB8C-106B-4B72-9721-78F6C7ED2D17} = {02EA681E-C7D8-13C7-8484-4AC65E1B71E8}
		{1CFD5F9E-5526-4763-BF03-F53A8B3C22C6} = {02EA681E-C7D8-13C7-8484-4AC65E1B71E8}
		{16631002-2C4C-458A-9C40-9CE199A7EFCF} = {B80EE77C-AB3D-474E-AC56-2D93FDA50B0D}
		{78DF5688-AC87-4CDA-894B-763DA65F48CB} = {1CFD5F9E-5526-4763-BF03-F53A8B3C22C6}
		{D74CCA9C-81A5-44C6-B21B-3153B47E15B4} = {B80EE77C-AB3D-474E-AC56-2D93FDA50B0D}
		{D0B47659-EF9D-4257-825A-511AB439A099} = {1CFD5F9E-5526-4763-BF03-F53A8B3C22C6}
		{278C3FEB-3B7B-4C80-9AF3-E072EAD2B371} = {1CFD5F9E-5526-4763-BF03-F53A8B3C22C6}
		{4A3B4971-9F38-4840-89BF-FA79971ED411} = {99967397-A7A5-4312-8111-AA791A1921FB}
		{7C229BD2-E72D-4EAB-938D-36961662E9A7} = {0588DB8C-106B-4B72-9721-78F6C7ED2D17}
	EndGlobalSection
	GlobalSection(ExtensibilityGlobals) = postSolution
		SolutionGuid = {C6651932-E48F-40B2-AE71-62923DE2A191}
	EndGlobalSection
EndGlobal
